// !$*UTF8*$!
{
	archiveVersion = 1;
	classes = {
	};
	objectVersion = 51;
	objects = {

/* Begin PBXBuildFile section */
		1F3D70B827744E81004177DD /* SwiftPostrequestViewController.swift in Sources */ = {isa = PBXBuildFile; fileRef = 1F3D70B727744E81004177DD /* SwiftPostrequestViewController.swift */; };
		1F538A3727703F3D00EA91DE /* FlipkartViewController.swift in Sources */ = {isa = PBXBuildFile; fileRef = 1F538A3627703F3D00EA91DE /* FlipkartViewController.swift */; };
		1F538A4B277057FE00EA91DE /* flipkartCollectionViewCell.swift in Sources */ = {isa = PBXBuildFile; fileRef = 1F538A4A277057FE00EA91DE /* flipkartCollectionViewCell.swift */; };
		1F538A502770619700EA91DE /* EleTricityViewController.swift in Sources */ = {isa = PBXBuildFile; fileRef = 1F538A4F2770619700EA91DE /* EleTricityViewController.swift */; };
		1F538A552770663500EA91DE /* BillabelTableViewCell.swift in Sources */ = {isa = PBXBuildFile; fileRef = 1F538A542770663500EA91DE /* BillabelTableViewCell.swift */; };
		1F538A5A27707C5700EA91DE /* AmazonViewController.swift in Sources */ = {isa = PBXBuildFile; fileRef = 1F538A5927707C5700EA91DE /* AmazonViewController.swift */; };
		1F538A682770950B00EA91DE /* DBHelper.swift in Sources */ = {isa = PBXBuildFile; fileRef = 1F538A662770950B00EA91DE /* DBHelper.swift */; };
		1F538A692770950B00EA91DE /* Person.swift in Sources */ = {isa = PBXBuildFile; fileRef = 1F538A672770950B00EA91DE /* Person.swift */; };
		1F538A6E2770952800EA91DE /* sqliteViewController.swift in Sources */ = {isa = PBXBuildFile; fileRef = 1F538A6D2770952800EA91DE /* sqliteViewController.swift */; };
		1F610B07274BE7240001F0B1 /* TableViewCell.swift in Sources */ = {isa = PBXBuildFile; fileRef = 1F610B05274BE7240001F0B1 /* TableViewCell.swift */; };
		1F610B08274BE7240001F0B1 /* ViewController.swift in Sources */ = {isa = PBXBuildFile; fileRef = 1F610B06274BE7240001F0B1 /* ViewController.swift */; };
		1F610B10274BE79D0001F0B1 /* Main.storyboard in Resources */ = {isa = PBXBuildFile; fileRef = 1F610B0F274BE79D0001F0B1 /* Main.storyboard */; };
		1F62F5822772F1FE00245059 /* QrcodeViewController.swift in Sources */ = {isa = PBXBuildFile; fileRef = 1F62F5812772F1FE00245059 /* QrcodeViewController.swift */; };
		1F65AFD0277199C7000A4183 /* UserModel.swift in Sources */ = {isa = PBXBuildFile; fileRef = 1F65AFCF277199C7000A4183 /* UserModel.swift */; };
		1F65AFD5277199F2000A4183 /* UserViewModel.swift in Sources */ = {isa = PBXBuildFile; fileRef = 1F65AFD4277199F2000A4183 /* UserViewModel.swift */; };
		1F65AFDB27719A1E000A4183 /* UserCell.swift in Sources */ = {isa = PBXBuildFile; fileRef = 1F65AFD927719A1E000A4183 /* UserCell.swift */; };
		1F65AFDC27719A1E000A4183 /* UserCell.xib in Resources */ = {isa = PBXBuildFile; fileRef = 1F65AFDA27719A1E000A4183 /* UserCell.xib */; };
		1F65AFE127719A9F000A4183 /* webservicesViewController.swift in Sources */ = {isa = PBXBuildFile; fileRef = 1F65AFE027719A9F000A4183 /* webservicesViewController.swift */; };
		1F65AFE72771A1A2000A4183 /* PostLoginViewController.swift in Sources */ = {isa = PBXBuildFile; fileRef = 1F65AFE62771A1A2000A4183 /* PostLoginViewController.swift */; };
		1F65AFEC2771A20C000A4183 /* AuthenticationVM.swift in Sources */ = {isa = PBXBuildFile; fileRef = 1F65AFEB2771A20C000A4183 /* AuthenticationVM.swift */; };
		1F65AFF12771A21E000A4183 /* User.swift in Sources */ = {isa = PBXBuildFile; fileRef = 1F65AFF02771A21E000A4183 /* User.swift */; };
		1F65AFFF2771B7A2000A4183 /* List.swift in Sources */ = {isa = PBXBuildFile; fileRef = 1F65AFFE2771B7A2000A4183 /* List.swift */; };
		1F65B0042771B7B4000A4183 /* ListViewModel.swift in Sources */ = {isa = PBXBuildFile; fileRef = 1F65B0032771B7B4000A4183 /* ListViewModel.swift */; };
		1F65B0092771B7C1000A4183 /* ListTableViewCell.swift in Sources */ = {isa = PBXBuildFile; fileRef = 1F65B0082771B7C1000A4183 /* ListTableViewCell.swift */; };
		1F65B00E2771B7F7000A4183 /* MylistViewController.swift in Sources */ = {isa = PBXBuildFile; fileRef = 1F65B00D2771B7F6000A4183 /* MylistViewController.swift */; };
		1F65B0192771CAD6000A4183 /* DogViewController.swift in Sources */ = {isa = PBXBuildFile; fileRef = 1F65B0182771CAD6000A4183 /* DogViewController.swift */; };
		1F65B01E2771CB02000A4183 /* DogViewModel.swift in Sources */ = {isa = PBXBuildFile; fileRef = 1F65B01D2771CB02000A4183 /* DogViewModel.swift */; };
		1F65B0232771CB0F000A4183 /* Dog.swift in Sources */ = {isa = PBXBuildFile; fileRef = 1F65B0222771CB0F000A4183 /* Dog.swift */; };
		1F65B0312771D0CF000A4183 /* Model.swift in Sources */ = {isa = PBXBuildFile; fileRef = 1F65B0302771D0CF000A4183 /* Model.swift */; };
		1F65B0362771D0E4000A4183 /* MovieTableViewCell.swift in Sources */ = {isa = PBXBuildFile; fileRef = 1F65B0352771D0E4000A4183 /* MovieTableViewCell.swift */; };
		1F65B0402771D0F9000A4183 /* MovieViewController.swift in Sources */ = {isa = PBXBuildFile; fileRef = 1F65B03F2771D0F9000A4183 /* MovieViewController.swift */; };
		1F65B0452771D101000A4183 /* ApiService.swift in Sources */ = {isa = PBXBuildFile; fileRef = 1F65B0442771D101000A4183 /* ApiService.swift */; };
		1F65B0782771D53D000A4183 /* MovieViewModel.swift in Sources */ = {isa = PBXBuildFile; fileRef = 1F65B0772771D53D000A4183 /* MovieViewModel.swift */; };
		1F65B07D2771D555000A4183 /* MovieModel.swift in Sources */ = {isa = PBXBuildFile; fileRef = 1F65B07C2771D555000A4183 /* MovieModel.swift */; };
		1F65B0B12771D84A000A4183 /* jsonPostDemoViewController.swift in Sources */ = {isa = PBXBuildFile; fileRef = 1F65B0B02771D84A000A4183 /* jsonPostDemoViewController.swift */; };
		1F65B0DF2771F960000A4183 /* PostTwoViewController.swift in Sources */ = {isa = PBXBuildFile; fileRef = 1F65B0DE2771F960000A4183 /* PostTwoViewController.swift */; };
		1F65B0F02771FC23000A4183 /* PostModel.swift in Sources */ = {isa = PBXBuildFile; fileRef = 1F65B0ED2771FC22000A4183 /* PostModel.swift */; };
		1F65B0F12771FC23000A4183 /* CompanyModel.swift in Sources */ = {isa = PBXBuildFile; fileRef = 1F65B0EE2771FC22000A4183 /* CompanyModel.swift */; };
		1F82FB4A276C57C000A80863 /* slidemenuViewController.swift in Sources */ = {isa = PBXBuildFile; fileRef = 1F82FB49276C57C000A80863 /* slidemenuViewController.swift */; };
		1F82FB4F276C57FA00A80863 /* slidemenuTableViewCell.swift in Sources */ = {isa = PBXBuildFile; fileRef = 1F82FB4E276C57FA00A80863 /* slidemenuTableViewCell.swift */; };
		1F82FB54276C594F00A80863 /* unameViewController.swift in Sources */ = {isa = PBXBuildFile; fileRef = 1F82FB53276C594F00A80863 /* unameViewController.swift */; };
		1F82FB5B276C5BED00A80863 /* SWRevealViewController.m in Sources */ = {isa = PBXBuildFile; fileRef = 1F82FB5A276C5BED00A80863 /* SWRevealViewController.m */; };
		1F82FB62276C5E4B00A80863 /* MenuViewController.swift in Sources */ = {isa = PBXBuildFile; fileRef = 1F82FB5F276C5E4B00A80863 /* MenuViewController.swift */; };
		1F82FB63276C5E4B00A80863 /* MessageViewController.swift in Sources */ = {isa = PBXBuildFile; fileRef = 1F82FB60276C5E4B00A80863 /* MessageViewController.swift */; };
		1F82FB64276C5E4B00A80863 /* MenuTableViewCell.swift in Sources */ = {isa = PBXBuildFile; fileRef = 1F82FB61276C5E4B00A80863 /* MenuTableViewCell.swift */; };
		1F82FB6A276C606900A80863 /* mainViewController.swift in Sources */ = {isa = PBXBuildFile; fileRef = 1F82FB69276C606900A80863 /* mainViewController.swift */; };
		1F9E92E127797802003E5A89 /* ForshellPayViewController.swift in Sources */ = {isa = PBXBuildFile; fileRef = 1F9E92E027797802003E5A89 /* ForshellPayViewController.swift */; };
		1F9E92E627797A49003E5A89 /* ForshellPayCollectionViewCell.swift in Sources */ = {isa = PBXBuildFile; fileRef = 1F9E92E527797A49003E5A89 /* ForshellPayCollectionViewCell.swift */; };
		1F9E92EB27798939003E5A89 /* ForshellsecondCollectionViewCell.swift in Sources */ = {isa = PBXBuildFile; fileRef = 1F9E92EA27798939003E5A89 /* ForshellsecondCollectionViewCell.swift */; };
		1F9E92F027798F36003E5A89 /* InsuranceCollectionViewCell.swift in Sources */ = {isa = PBXBuildFile; fileRef = 1F9E92EF27798F36003E5A89 /* InsuranceCollectionViewCell.swift */; };
		1F9E92F527799CC8003E5A89 /* BusTicketViewController.swift in Sources */ = {isa = PBXBuildFile; fileRef = 1F9E92F427799CC8003E5A89 /* BusTicketViewController.swift */; };
		1F9EB514272A7B3F00BB0DF3 /* GetStartedWithSmallpdf.pdf in Resources */ = {isa = PBXBuildFile; fileRef = 1F9EB513272A7B3F00BB0DF3 /* GetStartedWithSmallpdf.pdf */; };
		1F9EB51C272A7BB900BB0DF3 /* I-20-sample.pdf in Resources */ = {isa = PBXBuildFile; fileRef = 1F9EB51B272A7BB900BB0DF3 /* I-20-sample.pdf */; };
		1FCBF31F2727FD100098390C /* AppDelegate.swift in Sources */ = {isa = PBXBuildFile; fileRef = 1FCBF31E2727FD100098390C /* AppDelegate.swift */; };
		1FCBF3212727FD100098390C /* SceneDelegate.swift in Sources */ = {isa = PBXBuildFile; fileRef = 1FCBF3202727FD100098390C /* SceneDelegate.swift */; };
		1FCBF3292727FD100098390C /* imagerecogization.xcdatamodeld in Sources */ = {isa = PBXBuildFile; fileRef = 1FCBF3272727FD100098390C /* imagerecogization.xcdatamodeld */; };
		1FCBF32B2727FD110098390C /* Assets.xcassets in Resources */ = {isa = PBXBuildFile; fileRef = 1FCBF32A2727FD110098390C /* Assets.xcassets */; };
		1FCBF32E2727FD110098390C /* LaunchScreen.storyboard in Resources */ = {isa = PBXBuildFile; fileRef = 1FCBF32C2727FD110098390C /* LaunchScreen.storyboard */; };
		1FCBF3392727FD120098390C /* imagerecogizationTests.swift in Sources */ = {isa = PBXBuildFile; fileRef = 1FCBF3382727FD120098390C /* imagerecogizationTests.swift */; };
		1FCBF3442727FD120098390C /* imagerecogizationUITests.swift in Sources */ = {isa = PBXBuildFile; fileRef = 1FCBF3432727FD120098390C /* imagerecogizationUITests.swift */; };
		1FCBF36127280AE50098390C /* birthday image.jpeg in Resources */ = {isa = PBXBuildFile; fileRef = 1FCBF36027280AE50098390C /* birthday image.jpeg */; };
		1FCBF36627280C0F0098390C /* Screenshot_1635064015.png in Resources */ = {isa = PBXBuildFile; fileRef = 1FCBF36527280C0F0098390C /* Screenshot_1635064015.png */; };
		1FCBF36B272811590098390C /* sample.pdf in Resources */ = {isa = PBXBuildFile; fileRef = 1FCBF36A272811590098390C /* sample.pdf */; };
		1FE45B28276B38D900C811AA /* superIconViewController.swift in Sources */ = {isa = PBXBuildFile; fileRef = 1FE45B27276B38D900C811AA /* superIconViewController.swift */; };
		1FE45B2D276B3CED00C811AA /* SuperIconCollectionViewCell.swift in Sources */ = {isa = PBXBuildFile; fileRef = 1FE45B2C276B3CED00C811AA /* SuperIconCollectionViewCell.swift */; };
		1FE45B3A276B50B400C811AA /* secondCollectionViewCell.swift in Sources */ = {isa = PBXBuildFile; fileRef = 1FE45B39276B50B400C811AA /* secondCollectionViewCell.swift */; };
		1FF3A9AC27758BD900DB35A9 /* mainDemoViewController.swift in Sources */ = {isa = PBXBuildFile; fileRef = 1FF3A9AB27758BD900DB35A9 /* mainDemoViewController.swift */; };
		1FF3A9B12775970900DB35A9 /* mainDemoCollectionViewCell.swift in Sources */ = {isa = PBXBuildFile; fileRef = 1FF3A9B02775970900DB35A9 /* mainDemoCollectionViewCell.swift */; };
		1FF3A9B6277599B300DB35A9 /* DemoCollectionViewCell.swift in Sources */ = {isa = PBXBuildFile; fileRef = 1FF3A9B5277599B300DB35A9 /* DemoCollectionViewCell.swift */; };
		1FF3A9CA2775A28B00DB35A9 /* SpeachViewController.swift in Sources */ = {isa = PBXBuildFile; fileRef = 1FF3A9C92775A28B00DB35A9 /* SpeachViewController.swift */; };
		263CD4F51A0BB39B71C3E3B1 /* Pods_imagerecogization.framework in Frameworks */ = {isa = PBXBuildFile; fileRef = 20EB2362BB777454D602F863 /* Pods_imagerecogization.framework */; };
		48F0BA67C2DBBB86513F6ACF /* Pods_imagerecogizationTests.framework in Frameworks */ = {isa = PBXBuildFile; fileRef = 0B09D64B9CF795CEC3AEBC30 /* Pods_imagerecogizationTests.framework */; };
		6C33FFE1F7C6B7E671FAEDCF /* Pods_imagerecogization_imagerecogizationUITests.framework in Frameworks */ = {isa = PBXBuildFile; fileRef = 3C643F564610832826AD9C8D /* Pods_imagerecogization_imagerecogizationUITests.framework */; };
/* End PBXBuildFile section */

/* Begin PBXContainerItemProxy section */
		1FCBF3352727FD120098390C /* PBXContainerItemProxy */ = {
			isa = PBXContainerItemProxy;
			containerPortal = 1FCBF3132727FD100098390C /* Project object */;
			proxyType = 1;
			remoteGlobalIDString = 1FCBF31A2727FD100098390C;
			remoteInfo = imagerecogization;
		};
		1FCBF3402727FD120098390C /* PBXContainerItemProxy */ = {
			isa = PBXContainerItemProxy;
			containerPortal = 1FCBF3132727FD100098390C /* Project object */;
			proxyType = 1;
			remoteGlobalIDString = 1FCBF31A2727FD100098390C;
			remoteInfo = imagerecogization;
		};
/* End PBXContainerItemProxy section */

/* Begin PBXFileReference section */
		0B09D64B9CF795CEC3AEBC30 /* Pods_imagerecogizationTests.framework */ = {isa = PBXFileReference; explicitFileType = wrapper.framework; includeInIndex = 0; path = Pods_imagerecogizationTests.framework; sourceTree = BUILT_PRODUCTS_DIR; };
		0F13537EAF7B0ECEF9DE2814 /* Pods-imagerecogization-imagerecogizationUITests.debug.xcconfig */ = {isa = PBXFileReference; includeInIndex = 1; lastKnownFileType = text.xcconfig; name = "Pods-imagerecogization-imagerecogizationUITests.debug.xcconfig"; path = "Target Support Files/Pods-imagerecogization-imagerecogizationUITests/Pods-imagerecogization-imagerecogizationUITests.debug.xcconfig"; sourceTree = "<group>"; };
		1F3D70B727744E81004177DD /* SwiftPostrequestViewController.swift */ = {isa = PBXFileReference; lastKnownFileType = sourcecode.swift; path = SwiftPostrequestViewController.swift; sourceTree = "<group>"; };
		1F538A3627703F3D00EA91DE /* FlipkartViewController.swift */ = {isa = PBXFileReference; lastKnownFileType = sourcecode.swift; path = FlipkartViewController.swift; sourceTree = "<group>"; };
		1F538A4A277057FE00EA91DE /* flipkartCollectionViewCell.swift */ = {isa = PBXFileReference; lastKnownFileType = sourcecode.swift; path = flipkartCollectionViewCell.swift; sourceTree = "<group>"; };
		1F538A4F2770619700EA91DE /* EleTricityViewController.swift */ = {isa = PBXFileReference; lastKnownFileType = sourcecode.swift; path = EleTricityViewController.swift; sourceTree = "<group>"; };
		1F538A542770663500EA91DE /* BillabelTableViewCell.swift */ = {isa = PBXFileReference; lastKnownFileType = sourcecode.swift; path = BillabelTableViewCell.swift; sourceTree = "<group>"; };
		1F538A5927707C5700EA91DE /* AmazonViewController.swift */ = {isa = PBXFileReference; lastKnownFileType = sourcecode.swift; path = AmazonViewController.swift; sourceTree = "<group>"; };
		1F538A662770950B00EA91DE /* DBHelper.swift */ = {isa = PBXFileReference; fileEncoding = 4; lastKnownFileType = sourcecode.swift; path = DBHelper.swift; sourceTree = "<group>"; };
		1F538A672770950B00EA91DE /* Person.swift */ = {isa = PBXFileReference; fileEncoding = 4; lastKnownFileType = sourcecode.swift; path = Person.swift; sourceTree = "<group>"; };
		1F538A6D2770952800EA91DE /* sqliteViewController.swift */ = {isa = PBXFileReference; lastKnownFileType = sourcecode.swift; path = sqliteViewController.swift; sourceTree = "<group>"; };
		1F610B05274BE7240001F0B1 /* TableViewCell.swift */ = {isa = PBXFileReference; fileEncoding = 4; lastKnownFileType = sourcecode.swift; path = TableViewCell.swift; sourceTree = "<group>"; };
		1F610B06274BE7240001F0B1 /* ViewController.swift */ = {isa = PBXFileReference; fileEncoding = 4; lastKnownFileType = sourcecode.swift; path = ViewController.swift; sourceTree = "<group>"; };
		1F610B0F274BE79D0001F0B1 /* Main.storyboard */ = {isa = PBXFileReference; fileEncoding = 4; lastKnownFileType = file.storyboard; path = Main.storyboard; sourceTree = "<group>"; };
		1F62F5812772F1FE00245059 /* QrcodeViewController.swift */ = {isa = PBXFileReference; lastKnownFileType = sourcecode.swift; path = QrcodeViewController.swift; sourceTree = "<group>"; };
		1F65AFCF277199C7000A4183 /* UserModel.swift */ = {isa = PBXFileReference; fileEncoding = 4; lastKnownFileType = sourcecode.swift; path = UserModel.swift; sourceTree = "<group>"; };
		1F65AFD4277199F2000A4183 /* UserViewModel.swift */ = {isa = PBXFileReference; fileEncoding = 4; lastKnownFileType = sourcecode.swift; path = UserViewModel.swift; sourceTree = "<group>"; };
		1F65AFD927719A1E000A4183 /* UserCell.swift */ = {isa = PBXFileReference; fileEncoding = 4; lastKnownFileType = sourcecode.swift; path = UserCell.swift; sourceTree = "<group>"; };
		1F65AFDA27719A1E000A4183 /* UserCell.xib */ = {isa = PBXFileReference; fileEncoding = 4; lastKnownFileType = file.xib; path = UserCell.xib; sourceTree = "<group>"; };
		1F65AFE027719A9F000A4183 /* webservicesViewController.swift */ = {isa = PBXFileReference; lastKnownFileType = sourcecode.swift; path = webservicesViewController.swift; sourceTree = "<group>"; };
		1F65AFE62771A1A2000A4183 /* PostLoginViewController.swift */ = {isa = PBXFileReference; lastKnownFileType = sourcecode.swift; path = PostLoginViewController.swift; sourceTree = "<group>"; };
		1F65AFEB2771A20C000A4183 /* AuthenticationVM.swift */ = {isa = PBXFileReference; fileEncoding = 4; lastKnownFileType = sourcecode.swift; path = AuthenticationVM.swift; sourceTree = "<group>"; };
		1F65AFF02771A21E000A4183 /* User.swift */ = {isa = PBXFileReference; fileEncoding = 4; lastKnownFileType = sourcecode.swift; path = User.swift; sourceTree = "<group>"; };
		1F65AFFE2771B7A2000A4183 /* List.swift */ = {isa = PBXFileReference; fileEncoding = 4; lastKnownFileType = sourcecode.swift; path = List.swift; sourceTree = "<group>"; };
		1F65B0032771B7B4000A4183 /* ListViewModel.swift */ = {isa = PBXFileReference; fileEncoding = 4; lastKnownFileType = sourcecode.swift; path = ListViewModel.swift; sourceTree = "<group>"; };
		1F65B0082771B7C1000A4183 /* ListTableViewCell.swift */ = {isa = PBXFileReference; fileEncoding = 4; lastKnownFileType = sourcecode.swift; path = ListTableViewCell.swift; sourceTree = "<group>"; };
		1F65B00D2771B7F6000A4183 /* MylistViewController.swift */ = {isa = PBXFileReference; lastKnownFileType = sourcecode.swift; path = MylistViewController.swift; sourceTree = "<group>"; };
		1F65B0182771CAD6000A4183 /* DogViewController.swift */ = {isa = PBXFileReference; lastKnownFileType = sourcecode.swift; path = DogViewController.swift; sourceTree = "<group>"; };
		1F65B01D2771CB02000A4183 /* DogViewModel.swift */ = {isa = PBXFileReference; fileEncoding = 4; lastKnownFileType = sourcecode.swift; path = DogViewModel.swift; sourceTree = "<group>"; };
		1F65B0222771CB0F000A4183 /* Dog.swift */ = {isa = PBXFileReference; fileEncoding = 4; lastKnownFileType = sourcecode.swift; path = Dog.swift; sourceTree = "<group>"; };
		1F65B0302771D0CF000A4183 /* Model.swift */ = {isa = PBXFileReference; fileEncoding = 4; lastKnownFileType = sourcecode.swift; path = Model.swift; sourceTree = "<group>"; };
		1F65B0352771D0E4000A4183 /* MovieTableViewCell.swift */ = {isa = PBXFileReference; fileEncoding = 4; lastKnownFileType = sourcecode.swift; path = MovieTableViewCell.swift; sourceTree = "<group>"; };
		1F65B03F2771D0F9000A4183 /* MovieViewController.swift */ = {isa = PBXFileReference; fileEncoding = 4; lastKnownFileType = sourcecode.swift; path = MovieViewController.swift; sourceTree = "<group>"; };
		1F65B0442771D101000A4183 /* ApiService.swift */ = {isa = PBXFileReference; fileEncoding = 4; lastKnownFileType = sourcecode.swift; path = ApiService.swift; sourceTree = "<group>"; };
		1F65B0772771D53D000A4183 /* MovieViewModel.swift */ = {isa = PBXFileReference; fileEncoding = 4; lastKnownFileType = sourcecode.swift; path = MovieViewModel.swift; sourceTree = "<group>"; };
		1F65B07C2771D555000A4183 /* MovieModel.swift */ = {isa = PBXFileReference; fileEncoding = 4; lastKnownFileType = sourcecode.swift; path = MovieModel.swift; sourceTree = "<group>"; };
		1F65B0B02771D84A000A4183 /* jsonPostDemoViewController.swift */ = {isa = PBXFileReference; lastKnownFileType = sourcecode.swift; path = jsonPostDemoViewController.swift; sourceTree = "<group>"; };
		1F65B0DE2771F960000A4183 /* PostTwoViewController.swift */ = {isa = PBXFileReference; lastKnownFileType = sourcecode.swift; path = PostTwoViewController.swift; sourceTree = "<group>"; };
		1F65B0ED2771FC22000A4183 /* PostModel.swift */ = {isa = PBXFileReference; fileEncoding = 4; lastKnownFileType = sourcecode.swift; path = PostModel.swift; sourceTree = "<group>"; };
		1F65B0EE2771FC22000A4183 /* CompanyModel.swift */ = {isa = PBXFileReference; fileEncoding = 4; lastKnownFileType = sourcecode.swift; path = CompanyModel.swift; sourceTree = "<group>"; };
		1F82FB49276C57C000A80863 /* slidemenuViewController.swift */ = {isa = PBXFileReference; lastKnownFileType = sourcecode.swift; path = slidemenuViewController.swift; sourceTree = "<group>"; };
		1F82FB4E276C57FA00A80863 /* slidemenuTableViewCell.swift */ = {isa = PBXFileReference; lastKnownFileType = sourcecode.swift; path = slidemenuTableViewCell.swift; sourceTree = "<group>"; };
		1F82FB53276C594F00A80863 /* unameViewController.swift */ = {isa = PBXFileReference; fileEncoding = 4; lastKnownFileType = sourcecode.swift; path = unameViewController.swift; sourceTree = "<group>"; };
		1F82FB58276C5BEC00A80863 /* imagerecogization-Bridging-Header.h */ = {isa = PBXFileReference; lastKnownFileType = sourcecode.c.h; path = "imagerecogization-Bridging-Header.h"; sourceTree = "<group>"; };
		1F82FB59276C5BEC00A80863 /* SWRevealViewController.h */ = {isa = PBXFileReference; fileEncoding = 4; lastKnownFileType = sourcecode.c.h; path = SWRevealViewController.h; sourceTree = "<group>"; };
		1F82FB5A276C5BED00A80863 /* SWRevealViewController.m */ = {isa = PBXFileReference; fileEncoding = 4; lastKnownFileType = sourcecode.c.objc; path = SWRevealViewController.m; sourceTree = "<group>"; };
		1F82FB5F276C5E4B00A80863 /* MenuViewController.swift */ = {isa = PBXFileReference; fileEncoding = 4; lastKnownFileType = sourcecode.swift; path = MenuViewController.swift; sourceTree = "<group>"; };
		1F82FB60276C5E4B00A80863 /* MessageViewController.swift */ = {isa = PBXFileReference; fileEncoding = 4; lastKnownFileType = sourcecode.swift; path = MessageViewController.swift; sourceTree = "<group>"; };
		1F82FB61276C5E4B00A80863 /* MenuTableViewCell.swift */ = {isa = PBXFileReference; fileEncoding = 4; lastKnownFileType = sourcecode.swift; path = MenuTableViewCell.swift; sourceTree = "<group>"; };
		1F82FB69276C606900A80863 /* mainViewController.swift */ = {isa = PBXFileReference; lastKnownFileType = sourcecode.swift; path = mainViewController.swift; sourceTree = "<group>"; };
		1F9E92E027797802003E5A89 /* ForshellPayViewController.swift */ = {isa = PBXFileReference; lastKnownFileType = sourcecode.swift; path = ForshellPayViewController.swift; sourceTree = "<group>"; };
		1F9E92E527797A49003E5A89 /* ForshellPayCollectionViewCell.swift */ = {isa = PBXFileReference; lastKnownFileType = sourcecode.swift; path = ForshellPayCollectionViewCell.swift; sourceTree = "<group>"; };
		1F9E92EA27798939003E5A89 /* ForshellsecondCollectionViewCell.swift */ = {isa = PBXFileReference; lastKnownFileType = sourcecode.swift; path = ForshellsecondCollectionViewCell.swift; sourceTree = "<group>"; };
		1F9E92EF27798F36003E5A89 /* InsuranceCollectionViewCell.swift */ = {isa = PBXFileReference; lastKnownFileType = sourcecode.swift; path = InsuranceCollectionViewCell.swift; sourceTree = "<group>"; };
		1F9E92F427799CC8003E5A89 /* BusTicketViewController.swift */ = {isa = PBXFileReference; lastKnownFileType = sourcecode.swift; path = BusTicketViewController.swift; sourceTree = "<group>"; };
		1F9EB513272A7B3F00BB0DF3 /* GetStartedWithSmallpdf.pdf */ = {isa = PBXFileReference; lastKnownFileType = image.pdf; path = GetStartedWithSmallpdf.pdf; sourceTree = "<group>"; };
		1F9EB51B272A7BB900BB0DF3 /* I-20-sample.pdf */ = {isa = PBXFileReference; lastKnownFileType = image.pdf; path = "I-20-sample.pdf"; sourceTree = "<group>"; };
		1FCBF31B2727FD100098390C /* imagerecogization.app */ = {isa = PBXFileReference; explicitFileType = wrapper.application; includeInIndex = 0; path = imagerecogization.app; sourceTree = BUILT_PRODUCTS_DIR; };
		1FCBF31E2727FD100098390C /* AppDelegate.swift */ = {isa = PBXFileReference; lastKnownFileType = sourcecode.swift; path = AppDelegate.swift; sourceTree = "<group>"; };
		1FCBF3202727FD100098390C /* SceneDelegate.swift */ = {isa = PBXFileReference; lastKnownFileType = sourcecode.swift; path = SceneDelegate.swift; sourceTree = "<group>"; };
		1FCBF3282727FD100098390C /* imagerecogization.xcdatamodel */ = {isa = PBXFileReference; lastKnownFileType = wrapper.xcdatamodel; path = imagerecogization.xcdatamodel; sourceTree = "<group>"; };
		1FCBF32A2727FD110098390C /* Assets.xcassets */ = {isa = PBXFileReference; lastKnownFileType = folder.assetcatalog; path = Assets.xcassets; sourceTree = "<group>"; };
		1FCBF32D2727FD110098390C /* Base */ = {isa = PBXFileReference; lastKnownFileType = file.storyboard; name = Base; path = Base.lproj/LaunchScreen.storyboard; sourceTree = "<group>"; };
		1FCBF32F2727FD110098390C /* Info.plist */ = {isa = PBXFileReference; lastKnownFileType = text.plist.xml; path = Info.plist; sourceTree = "<group>"; };
		1FCBF3342727FD120098390C /* imagerecogizationTests.xctest */ = {isa = PBXFileReference; explicitFileType = wrapper.cfbundle; includeInIndex = 0; path = imagerecogizationTests.xctest; sourceTree = BUILT_PRODUCTS_DIR; };
		1FCBF3382727FD120098390C /* imagerecogizationTests.swift */ = {isa = PBXFileReference; lastKnownFileType = sourcecode.swift; path = imagerecogizationTests.swift; sourceTree = "<group>"; };
		1FCBF33A2727FD120098390C /* Info.plist */ = {isa = PBXFileReference; lastKnownFileType = text.plist.xml; path = Info.plist; sourceTree = "<group>"; };
		1FCBF33F2727FD120098390C /* imagerecogizationUITests.xctest */ = {isa = PBXFileReference; explicitFileType = wrapper.cfbundle; includeInIndex = 0; path = imagerecogizationUITests.xctest; sourceTree = BUILT_PRODUCTS_DIR; };
		1FCBF3432727FD120098390C /* imagerecogizationUITests.swift */ = {isa = PBXFileReference; lastKnownFileType = sourcecode.swift; path = imagerecogizationUITests.swift; sourceTree = "<group>"; };
		1FCBF3452727FD120098390C /* Info.plist */ = {isa = PBXFileReference; lastKnownFileType = text.plist.xml; path = Info.plist; sourceTree = "<group>"; };
		1FCBF36027280AE50098390C /* birthday image.jpeg */ = {isa = PBXFileReference; lastKnownFileType = image.jpeg; path = "birthday image.jpeg"; sourceTree = "<group>"; };
		1FCBF36527280C0F0098390C /* Screenshot_1635064015.png */ = {isa = PBXFileReference; lastKnownFileType = image.png; path = Screenshot_1635064015.png; sourceTree = "<group>"; };
		1FCBF36A272811590098390C /* sample.pdf */ = {isa = PBXFileReference; lastKnownFileType = image.pdf; path = sample.pdf; sourceTree = "<group>"; };
		1FE45B27276B38D900C811AA /* superIconViewController.swift */ = {isa = PBXFileReference; lastKnownFileType = sourcecode.swift; path = superIconViewController.swift; sourceTree = "<group>"; };
		1FE45B2C276B3CED00C811AA /* SuperIconCollectionViewCell.swift */ = {isa = PBXFileReference; lastKnownFileType = sourcecode.swift; path = SuperIconCollectionViewCell.swift; sourceTree = "<group>"; };
		1FE45B39276B50B400C811AA /* secondCollectionViewCell.swift */ = {isa = PBXFileReference; lastKnownFileType = sourcecode.swift; path = secondCollectionViewCell.swift; sourceTree = "<group>"; };
		1FF3A9AB27758BD900DB35A9 /* mainDemoViewController.swift */ = {isa = PBXFileReference; lastKnownFileType = sourcecode.swift; path = mainDemoViewController.swift; sourceTree = "<group>"; };
		1FF3A9B02775970900DB35A9 /* mainDemoCollectionViewCell.swift */ = {isa = PBXFileReference; lastKnownFileType = sourcecode.swift; path = mainDemoCollectionViewCell.swift; sourceTree = "<group>"; };
		1FF3A9B5277599B300DB35A9 /* DemoCollectionViewCell.swift */ = {isa = PBXFileReference; lastKnownFileType = sourcecode.swift; path = DemoCollectionViewCell.swift; sourceTree = "<group>"; };
		1FF3A9C92775A28B00DB35A9 /* SpeachViewController.swift */ = {isa = PBXFileReference; lastKnownFileType = sourcecode.swift; path = SpeachViewController.swift; sourceTree = "<group>"; };
		20EB2362BB777454D602F863 /* Pods_imagerecogization.framework */ = {isa = PBXFileReference; explicitFileType = wrapper.framework; includeInIndex = 0; path = Pods_imagerecogization.framework; sourceTree = BUILT_PRODUCTS_DIR; };
		3C643F564610832826AD9C8D /* Pods_imagerecogization_imagerecogizationUITests.framework */ = {isa = PBXFileReference; explicitFileType = wrapper.framework; includeInIndex = 0; path = Pods_imagerecogization_imagerecogizationUITests.framework; sourceTree = BUILT_PRODUCTS_DIR; };
		43EBB03981BADEDADA31E246 /* Pods-imagerecogization-imagerecogizationUITests.release.xcconfig */ = {isa = PBXFileReference; includeInIndex = 1; lastKnownFileType = text.xcconfig; name = "Pods-imagerecogization-imagerecogizationUITests.release.xcconfig"; path = "Target Support Files/Pods-imagerecogization-imagerecogizationUITests/Pods-imagerecogization-imagerecogizationUITests.release.xcconfig"; sourceTree = "<group>"; };
		5B5A5771CEFBAD7B73764A21 /* Pods-imagerecogization.release.xcconfig */ = {isa = PBXFileReference; includeInIndex = 1; lastKnownFileType = text.xcconfig; name = "Pods-imagerecogization.release.xcconfig"; path = "Target Support Files/Pods-imagerecogization/Pods-imagerecogization.release.xcconfig"; sourceTree = "<group>"; };
		6642447A1BEDCA8C55F53166 /* Pods-imagerecogizationTests.debug.xcconfig */ = {isa = PBXFileReference; includeInIndex = 1; lastKnownFileType = text.xcconfig; name = "Pods-imagerecogizationTests.debug.xcconfig"; path = "Target Support Files/Pods-imagerecogizationTests/Pods-imagerecogizationTests.debug.xcconfig"; sourceTree = "<group>"; };
		8C7F1C0CD3E5CC3E99AEF3A1 /* Pods-imagerecogization.debug.xcconfig */ = {isa = PBXFileReference; includeInIndex = 1; lastKnownFileType = text.xcconfig; name = "Pods-imagerecogization.debug.xcconfig"; path = "Target Support Files/Pods-imagerecogization/Pods-imagerecogization.debug.xcconfig"; sourceTree = "<group>"; };
		E20143A55064D6F1B39291FB /* Pods-imagerecogizationTests.release.xcconfig */ = {isa = PBXFileReference; includeInIndex = 1; lastKnownFileType = text.xcconfig; name = "Pods-imagerecogizationTests.release.xcconfig"; path = "Target Support Files/Pods-imagerecogizationTests/Pods-imagerecogizationTests.release.xcconfig"; sourceTree = "<group>"; };
/* End PBXFileReference section */

/* Begin PBXFrameworksBuildPhase section */
		1FCBF3182727FD100098390C /* Frameworks */ = {
			isa = PBXFrameworksBuildPhase;
			buildActionMask = 2147483647;
			files = (
				263CD4F51A0BB39B71C3E3B1 /* Pods_imagerecogization.framework in Frameworks */,
			);
			runOnlyForDeploymentPostprocessing = 0;
		};
		1FCBF3312727FD120098390C /* Frameworks */ = {
			isa = PBXFrameworksBuildPhase;
			buildActionMask = 2147483647;
			files = (
				48F0BA67C2DBBB86513F6ACF /* Pods_imagerecogizationTests.framework in Frameworks */,
			);
			runOnlyForDeploymentPostprocessing = 0;
		};
		1FCBF33C2727FD120098390C /* Frameworks */ = {
			isa = PBXFrameworksBuildPhase;
			buildActionMask = 2147483647;
			files = (
				6C33FFE1F7C6B7E671FAEDCF /* Pods_imagerecogization_imagerecogizationUITests.framework in Frameworks */,
			);
			runOnlyForDeploymentPostprocessing = 0;
		};
/* End PBXFrameworksBuildPhase section */

/* Begin PBXGroup section */
		1FCBF3122727FD100098390C = {
			isa = PBXGroup;
			children = (
				1FCBF31D2727FD100098390C /* imagerecogization */,
				1FCBF3372727FD120098390C /* imagerecogizationTests */,
				1FCBF3422727FD120098390C /* imagerecogizationUITests */,
				1FCBF31C2727FD100098390C /* Products */,
				81A3D99033AE6A2300E21D03 /* Pods */,
				9B6CB235CB1B074C6BE2058F /* Frameworks */,
			);
			sourceTree = "<group>";
		};
		1FCBF31C2727FD100098390C /* Products */ = {
			isa = PBXGroup;
			children = (
				1FCBF31B2727FD100098390C /* imagerecogization.app */,
				1FCBF3342727FD120098390C /* imagerecogizationTests.xctest */,
				1FCBF33F2727FD120098390C /* imagerecogizationUITests.xctest */,
			);
			name = Products;
			sourceTree = "<group>";
		};
		1FCBF31D2727FD100098390C /* imagerecogization */ = {
			isa = PBXGroup;
			children = (
				1FCBF31E2727FD100098390C /* AppDelegate.swift */,
				1FCBF3202727FD100098390C /* SceneDelegate.swift */,
				1F610B05274BE7240001F0B1 /* TableViewCell.swift */,
				1F610B06274BE7240001F0B1 /* ViewController.swift */,
				1FE45B27276B38D900C811AA /* superIconViewController.swift */,
				1FE45B2C276B3CED00C811AA /* SuperIconCollectionViewCell.swift */,
				1FE45B39276B50B400C811AA /* secondCollectionViewCell.swift */,
				1F82FB59276C5BEC00A80863 /* SWRevealViewController.h */,
				1F82FB5A276C5BED00A80863 /* SWRevealViewController.m */,
				1F82FB49276C57C000A80863 /* slidemenuViewController.swift */,
				1F82FB53276C594F00A80863 /* unameViewController.swift */,
				1F82FB4E276C57FA00A80863 /* slidemenuTableViewCell.swift */,
				1F82FB61276C5E4B00A80863 /* MenuTableViewCell.swift */,
				1F82FB5F276C5E4B00A80863 /* MenuViewController.swift */,
				1F82FB60276C5E4B00A80863 /* MessageViewController.swift */,
				1F82FB69276C606900A80863 /* mainViewController.swift */,
				1F538A3627703F3D00EA91DE /* FlipkartViewController.swift */,
				1F538A4A277057FE00EA91DE /* flipkartCollectionViewCell.swift */,
				1F538A4F2770619700EA91DE /* EleTricityViewController.swift */,
				1F538A5927707C5700EA91DE /* AmazonViewController.swift */,
				1F538A542770663500EA91DE /* BillabelTableViewCell.swift */,
				1F538A662770950B00EA91DE /* DBHelper.swift */,
				1F538A6D2770952800EA91DE /* sqliteViewController.swift */,
				1F538A672770950B00EA91DE /* Person.swift */,
				1F65AFCF277199C7000A4183 /* UserModel.swift */,
				1F65AFD4277199F2000A4183 /* UserViewModel.swift */,
				1F65AFD927719A1E000A4183 /* UserCell.swift */,
				1F65AFDA27719A1E000A4183 /* UserCell.xib */,
				1F65AFE027719A9F000A4183 /* webservicesViewController.swift */,
				1F65AFE62771A1A2000A4183 /* PostLoginViewController.swift */,
				1F65AFEB2771A20C000A4183 /* AuthenticationVM.swift */,
				1F65AFF02771A21E000A4183 /* User.swift */,
				1F65AFFE2771B7A2000A4183 /* List.swift */,
				1F65B0032771B7B4000A4183 /* ListViewModel.swift */,
				1F65B0082771B7C1000A4183 /* ListTableViewCell.swift */,
				1F65B00D2771B7F6000A4183 /* MylistViewController.swift */,
				1F65B0182771CAD6000A4183 /* DogViewController.swift */,
				1F65B0222771CB0F000A4183 /* Dog.swift */,
				1F65B01D2771CB02000A4183 /* DogViewModel.swift */,
				1F65B0302771D0CF000A4183 /* Model.swift */,
				1F65B0352771D0E4000A4183 /* MovieTableViewCell.swift */,
				1F65B0772771D53D000A4183 /* MovieViewModel.swift */,
				1F65B07C2771D555000A4183 /* MovieModel.swift */,
				1F65B03F2771D0F9000A4183 /* MovieViewController.swift */,
				1F65B0442771D101000A4183 /* ApiService.swift */,
				1F65B0B02771D84A000A4183 /* jsonPostDemoViewController.swift */,
				1F65B0DE2771F960000A4183 /* PostTwoViewController.swift */,
				1F65B0EE2771FC22000A4183 /* CompanyModel.swift */,
				1F65B0ED2771FC22000A4183 /* PostModel.swift */,
				1F62F5812772F1FE00245059 /* QrcodeViewController.swift */,
				1F3D70B727744E81004177DD /* SwiftPostrequestViewController.swift */,
				1FF3A9AB27758BD900DB35A9 /* mainDemoViewController.swift */,
				1FF3A9B02775970900DB35A9 /* mainDemoCollectionViewCell.swift */,
				1FF3A9B5277599B300DB35A9 /* DemoCollectionViewCell.swift */,
				1FF3A9C92775A28B00DB35A9 /* SpeachViewController.swift */,
				1F9E92E027797802003E5A89 /* ForshellPayViewController.swift */,
				1F9E92F427799CC8003E5A89 /* BusTicketViewController.swift */,
				1F9E92E527797A49003E5A89 /* ForshellPayCollectionViewCell.swift */,
				1F9E92EA27798939003E5A89 /* ForshellsecondCollectionViewCell.swift */,
				1F9E92EF27798F36003E5A89 /* InsuranceCollectionViewCell.swift */,
				1F610B0F274BE79D0001F0B1 /* Main.storyboard */,
				1FCBF32A2727FD110098390C /* Assets.xcassets */,
				1FCBF32C2727FD110098390C /* LaunchScreen.storyboard */,
				1FCBF36027280AE50098390C /* birthday image.jpeg */,
				1FCBF36527280C0F0098390C /* Screenshot_1635064015.png */,
				1FCBF32F2727FD110098390C /* Info.plist */,
				1F9EB51B272A7BB900BB0DF3 /* I-20-sample.pdf */,
				1FCBF36A272811590098390C /* sample.pdf */,
				1F9EB513272A7B3F00BB0DF3 /* GetStartedWithSmallpdf.pdf */,
				1FCBF3272727FD100098390C /* imagerecogization.xcdatamodeld */,
				1F82FB58276C5BEC00A80863 /* imagerecogization-Bridging-Header.h */,
			);
			path = imagerecogization;
			sourceTree = "<group>";
		};
		1FCBF3372727FD120098390C /* imagerecogizationTests */ = {
			isa = PBXGroup;
			children = (
				1FCBF3382727FD120098390C /* imagerecogizationTests.swift */,
				1FCBF33A2727FD120098390C /* Info.plist */,
			);
			path = imagerecogizationTests;
			sourceTree = "<group>";
		};
		1FCBF3422727FD120098390C /* imagerecogizationUITests */ = {
			isa = PBXGroup;
			children = (
				1FCBF3432727FD120098390C /* imagerecogizationUITests.swift */,
				1FCBF3452727FD120098390C /* Info.plist */,
			);
			path = imagerecogizationUITests;
			sourceTree = "<group>";
		};
		81A3D99033AE6A2300E21D03 /* Pods */ = {
			isa = PBXGroup;
			children = (
				8C7F1C0CD3E5CC3E99AEF3A1 /* Pods-imagerecogization.debug.xcconfig */,
				5B5A5771CEFBAD7B73764A21 /* Pods-imagerecogization.release.xcconfig */,
				0F13537EAF7B0ECEF9DE2814 /* Pods-imagerecogization-imagerecogizationUITests.debug.xcconfig */,
				43EBB03981BADEDADA31E246 /* Pods-imagerecogization-imagerecogizationUITests.release.xcconfig */,
				6642447A1BEDCA8C55F53166 /* Pods-imagerecogizationTests.debug.xcconfig */,
				E20143A55064D6F1B39291FB /* Pods-imagerecogizationTests.release.xcconfig */,
			);
			path = Pods;
			sourceTree = "<group>";
		};
		9B6CB235CB1B074C6BE2058F /* Frameworks */ = {
			isa = PBXGroup;
			children = (
				20EB2362BB777454D602F863 /* Pods_imagerecogization.framework */,
				3C643F564610832826AD9C8D /* Pods_imagerecogization_imagerecogizationUITests.framework */,
				0B09D64B9CF795CEC3AEBC30 /* Pods_imagerecogizationTests.framework */,
			);
			name = Frameworks;
			sourceTree = "<group>";
		};
/* End PBXGroup section */

/* Begin PBXNativeTarget section */
		1FCBF31A2727FD100098390C /* imagerecogization */ = {
			isa = PBXNativeTarget;
			buildConfigurationList = 1FCBF3482727FD120098390C /* Build configuration list for PBXNativeTarget "imagerecogization" */;
			buildPhases = (
				C4B083AC869A01CDB84A19DD /* [CP] Check Pods Manifest.lock */,
				1FCBF3172727FD100098390C /* Sources */,
				1FCBF3182727FD100098390C /* Frameworks */,
				1FCBF3192727FD100098390C /* Resources */,
				CF65692C995DC4B113A1B31A /* [CP] Embed Pods Frameworks */,
				06EA6E2B4F5C1C2F797EA323 /* [CP] Copy Pods Resources */,
			);
			buildRules = (
			);
			dependencies = (
			);
			name = imagerecogization;
			productName = imagerecogization;
			productReference = 1FCBF31B2727FD100098390C /* imagerecogization.app */;
			productType = "com.apple.product-type.application";
		};
		1FCBF3332727FD120098390C /* imagerecogizationTests */ = {
			isa = PBXNativeTarget;
			buildConfigurationList = 1FCBF34B2727FD120098390C /* Build configuration list for PBXNativeTarget "imagerecogizationTests" */;
			buildPhases = (
				22024ED634CF07E8042BA6A1 /* [CP] Check Pods Manifest.lock */,
				1FCBF3302727FD120098390C /* Sources */,
				1FCBF3312727FD120098390C /* Frameworks */,
				1FCBF3322727FD120098390C /* Resources */,
			);
			buildRules = (
			);
			dependencies = (
				1FCBF3362727FD120098390C /* PBXTargetDependency */,
			);
			name = imagerecogizationTests;
			productName = imagerecogizationTests;
			productReference = 1FCBF3342727FD120098390C /* imagerecogizationTests.xctest */;
			productType = "com.apple.product-type.bundle.unit-test";
		};
		1FCBF33E2727FD120098390C /* imagerecogizationUITests */ = {
			isa = PBXNativeTarget;
			buildConfigurationList = 1FCBF34E2727FD120098390C /* Build configuration list for PBXNativeTarget "imagerecogizationUITests" */;
			buildPhases = (
				3EE5340B22244B2AA42BB1E6 /* [CP] Check Pods Manifest.lock */,
				1FCBF33B2727FD120098390C /* Sources */,
				1FCBF33C2727FD120098390C /* Frameworks */,
				1FCBF33D2727FD120098390C /* Resources */,
				14B0BD55E075F8050BDE3CCA /* [CP] Embed Pods Frameworks */,
				B316EEBDC27260D1AF4803FA /* [CP] Copy Pods Resources */,
			);
			buildRules = (
			);
			dependencies = (
				1FCBF3412727FD120098390C /* PBXTargetDependency */,
			);
			name = imagerecogizationUITests;
			productName = imagerecogizationUITests;
			productReference = 1FCBF33F2727FD120098390C /* imagerecogizationUITests.xctest */;
			productType = "com.apple.product-type.bundle.ui-testing";
		};
/* End PBXNativeTarget section */

/* Begin PBXProject section */
		1FCBF3132727FD100098390C /* Project object */ = {
			isa = PBXProject;
			attributes = {
				LastSwiftUpdateCheck = 1230;
				LastUpgradeCheck = 1230;
				TargetAttributes = {
					1FCBF31A2727FD100098390C = {
						CreatedOnToolsVersion = 12.3;
						LastSwiftMigration = 1240;
					};
					1FCBF3332727FD120098390C = {
						CreatedOnToolsVersion = 12.3;
						TestTargetID = 1FCBF31A2727FD100098390C;
					};
					1FCBF33E2727FD120098390C = {
						CreatedOnToolsVersion = 12.3;
						TestTargetID = 1FCBF31A2727FD100098390C;
					};
				};
			};
			buildConfigurationList = 1FCBF3162727FD100098390C /* Build configuration list for PBXProject "imagerecogization" */;
			compatibilityVersion = "Xcode 9.3";
			developmentRegion = en;
			hasScannedForEncodings = 0;
			knownRegions = (
				en,
				Base,
			);
			mainGroup = 1FCBF3122727FD100098390C;
			productRefGroup = 1FCBF31C2727FD100098390C /* Products */;
			projectDirPath = "";
			projectRoot = "";
			targets = (
				1FCBF31A2727FD100098390C /* imagerecogization */,
				1FCBF3332727FD120098390C /* imagerecogizationTests */,
				1FCBF33E2727FD120098390C /* imagerecogizationUITests */,
			);
		};
/* End PBXProject section */

/* Begin PBXResourcesBuildPhase section */
		1FCBF3192727FD100098390C /* Resources */ = {
			isa = PBXResourcesBuildPhase;
			buildActionMask = 2147483647;
			files = (
				1F9EB514272A7B3F00BB0DF3 /* GetStartedWithSmallpdf.pdf in Resources */,
				1FCBF32E2727FD110098390C /* LaunchScreen.storyboard in Resources */,
				1FCBF36627280C0F0098390C /* Screenshot_1635064015.png in Resources */,
				1F610B10274BE79D0001F0B1 /* Main.storyboard in Resources */,
				1FCBF36B272811590098390C /* sample.pdf in Resources */,
				1F65AFDC27719A1E000A4183 /* UserCell.xib in Resources */,
				1FCBF36127280AE50098390C /* birthday image.jpeg in Resources */,
				1FCBF32B2727FD110098390C /* Assets.xcassets in Resources */,
				1F9EB51C272A7BB900BB0DF3 /* I-20-sample.pdf in Resources */,
			);
			runOnlyForDeploymentPostprocessing = 0;
		};
		1FCBF3322727FD120098390C /* Resources */ = {
			isa = PBXResourcesBuildPhase;
			buildActionMask = 2147483647;
			files = (
			);
			runOnlyForDeploymentPostprocessing = 0;
		};
		1FCBF33D2727FD120098390C /* Resources */ = {
			isa = PBXResourcesBuildPhase;
			buildActionMask = 2147483647;
			files = (
			);
			runOnlyForDeploymentPostprocessing = 0;
		};
/* End PBXResourcesBuildPhase section */

/* Begin PBXShellScriptBuildPhase section */
		06EA6E2B4F5C1C2F797EA323 /* [CP] Copy Pods Resources */ = {
			isa = PBXShellScriptBuildPhase;
			buildActionMask = 2147483647;
			files = (
			);
			inputFileListPaths = (
				"${PODS_ROOT}/Target Support Files/Pods-imagerecogization/Pods-imagerecogization-resources-${CONFIGURATION}-input-files.xcfilelist",
			);
			name = "[CP] Copy Pods Resources";
			outputFileListPaths = (
				"${PODS_ROOT}/Target Support Files/Pods-imagerecogization/Pods-imagerecogization-resources-${CONFIGURATION}-output-files.xcfilelist",
			);
			runOnlyForDeploymentPostprocessing = 0;
			shellPath = /bin/sh;
			shellScript = "\"${PODS_ROOT}/Target Support Files/Pods-imagerecogization/Pods-imagerecogization-resources.sh\"\n";
			showEnvVarsInLog = 0;
		};
		14B0BD55E075F8050BDE3CCA /* [CP] Embed Pods Frameworks */ = {
			isa = PBXShellScriptBuildPhase;
			buildActionMask = 2147483647;
			files = (
			);
			inputFileListPaths = (
				"${PODS_ROOT}/Target Support Files/Pods-imagerecogization-imagerecogizationUITests/Pods-imagerecogization-imagerecogizationUITests-frameworks-${CONFIGURATION}-input-files.xcfilelist",
			);
			name = "[CP] Embed Pods Frameworks";
			outputFileListPaths = (
				"${PODS_ROOT}/Target Support Files/Pods-imagerecogization-imagerecogizationUITests/Pods-imagerecogization-imagerecogizationUITests-frameworks-${CONFIGURATION}-output-files.xcfilelist",
			);
			runOnlyForDeploymentPostprocessing = 0;
			shellPath = /bin/sh;
			shellScript = "\"${PODS_ROOT}/Target Support Files/Pods-imagerecogization-imagerecogizationUITests/Pods-imagerecogization-imagerecogizationUITests-frameworks.sh\"\n";
			showEnvVarsInLog = 0;
		};
		22024ED634CF07E8042BA6A1 /* [CP] Check Pods Manifest.lock */ = {
			isa = PBXShellScriptBuildPhase;
			buildActionMask = 2147483647;
			files = (
			);
			inputFileListPaths = (
			);
			inputPaths = (
				"${PODS_PODFILE_DIR_PATH}/Podfile.lock",
				"${PODS_ROOT}/Manifest.lock",
			);
			name = "[CP] Check Pods Manifest.lock";
			outputFileListPaths = (
			);
			outputPaths = (
				"$(DERIVED_FILE_DIR)/Pods-imagerecogizationTests-checkManifestLockResult.txt",
			);
			runOnlyForDeploymentPostprocessing = 0;
			shellPath = /bin/sh;
			shellScript = "diff \"${PODS_PODFILE_DIR_PATH}/Podfile.lock\" \"${PODS_ROOT}/Manifest.lock\" > /dev/null\nif [ $? != 0 ] ; then\n    # print error to STDERR\n    echo \"error: The sandbox is not in sync with the Podfile.lock. Run 'pod install' or update your CocoaPods installation.\" >&2\n    exit 1\nfi\n# This output is used by Xcode 'outputs' to avoid re-running this script phase.\necho \"SUCCESS\" > \"${SCRIPT_OUTPUT_FILE_0}\"\n";
			showEnvVarsInLog = 0;
		};
		3EE5340B22244B2AA42BB1E6 /* [CP] Check Pods Manifest.lock */ = {
			isa = PBXShellScriptBuildPhase;
			buildActionMask = 2147483647;
			files = (
			);
			inputFileListPaths = (
			);
			inputPaths = (
				"${PODS_PODFILE_DIR_PATH}/Podfile.lock",
				"${PODS_ROOT}/Manifest.lock",
			);
			name = "[CP] Check Pods Manifest.lock";
			outputFileListPaths = (
			);
			outputPaths = (
				"$(DERIVED_FILE_DIR)/Pods-imagerecogization-imagerecogizationUITests-checkManifestLockResult.txt",
			);
			runOnlyForDeploymentPostprocessing = 0;
			shellPath = /bin/sh;
			shellScript = "diff \"${PODS_PODFILE_DIR_PATH}/Podfile.lock\" \"${PODS_ROOT}/Manifest.lock\" > /dev/null\nif [ $? != 0 ] ; then\n    # print error to STDERR\n    echo \"error: The sandbox is not in sync with the Podfile.lock. Run 'pod install' or update your CocoaPods installation.\" >&2\n    exit 1\nfi\n# This output is used by Xcode 'outputs' to avoid re-running this script phase.\necho \"SUCCESS\" > \"${SCRIPT_OUTPUT_FILE_0}\"\n";
			showEnvVarsInLog = 0;
		};
		B316EEBDC27260D1AF4803FA /* [CP] Copy Pods Resources */ = {
			isa = PBXShellScriptBuildPhase;
			buildActionMask = 2147483647;
			files = (
			);
			inputFileListPaths = (
				"${PODS_ROOT}/Target Support Files/Pods-imagerecogization-imagerecogizationUITests/Pods-imagerecogization-imagerecogizationUITests-resources-${CONFIGURATION}-input-files.xcfilelist",
			);
			name = "[CP] Copy Pods Resources";
			outputFileListPaths = (
				"${PODS_ROOT}/Target Support Files/Pods-imagerecogization-imagerecogizationUITests/Pods-imagerecogization-imagerecogizationUITests-resources-${CONFIGURATION}-output-files.xcfilelist",
			);
			runOnlyForDeploymentPostprocessing = 0;
			shellPath = /bin/sh;
			shellScript = "\"${PODS_ROOT}/Target Support Files/Pods-imagerecogization-imagerecogizationUITests/Pods-imagerecogization-imagerecogizationUITests-resources.sh\"\n";
			showEnvVarsInLog = 0;
		};
		C4B083AC869A01CDB84A19DD /* [CP] Check Pods Manifest.lock */ = {
			isa = PBXShellScriptBuildPhase;
			buildActionMask = 2147483647;
			files = (
			);
			inputFileListPaths = (
			);
			inputPaths = (
				"${PODS_PODFILE_DIR_PATH}/Podfile.lock",
				"${PODS_ROOT}/Manifest.lock",
			);
			name = "[CP] Check Pods Manifest.lock";
			outputFileListPaths = (
			);
			outputPaths = (
				"$(DERIVED_FILE_DIR)/Pods-imagerecogization-checkManifestLockResult.txt",
			);
			runOnlyForDeploymentPostprocessing = 0;
			shellPath = /bin/sh;
			shellScript = "diff \"${PODS_PODFILE_DIR_PATH}/Podfile.lock\" \"${PODS_ROOT}/Manifest.lock\" > /dev/null\nif [ $? != 0 ] ; then\n    # print error to STDERR\n    echo \"error: The sandbox is not in sync with the Podfile.lock. Run 'pod install' or update your CocoaPods installation.\" >&2\n    exit 1\nfi\n# This output is used by Xcode 'outputs' to avoid re-running this script phase.\necho \"SUCCESS\" > \"${SCRIPT_OUTPUT_FILE_0}\"\n";
			showEnvVarsInLog = 0;
		};
		CF65692C995DC4B113A1B31A /* [CP] Embed Pods Frameworks */ = {
			isa = PBXShellScriptBuildPhase;
			buildActionMask = 2147483647;
			files = (
			);
			inputFileListPaths = (
				"${PODS_ROOT}/Target Support Files/Pods-imagerecogization/Pods-imagerecogization-frameworks-${CONFIGURATION}-input-files.xcfilelist",
			);
			name = "[CP] Embed Pods Frameworks";
			outputFileListPaths = (
				"${PODS_ROOT}/Target Support Files/Pods-imagerecogization/Pods-imagerecogization-frameworks-${CONFIGURATION}-output-files.xcfilelist",
			);
			runOnlyForDeploymentPostprocessing = 0;
			shellPath = /bin/sh;
			shellScript = "\"${PODS_ROOT}/Target Support Files/Pods-imagerecogization/Pods-imagerecogization-frameworks.sh\"\n";
			showEnvVarsInLog = 0;
		};
/* End PBXShellScriptBuildPhase section */

/* Begin PBXSourcesBuildPhase section */
		1FCBF3172727FD100098390C /* Sources */ = {
			isa = PBXSourcesBuildPhase;
			buildActionMask = 2147483647;
			files = (
				1F610B08274BE7240001F0B1 /* ViewController.swift in Sources */,
				1F65B0F02771FC23000A4183 /* PostModel.swift in Sources */,
				1F62F5822772F1FE00245059 /* QrcodeViewController.swift in Sources */,
				1FCBF31F2727FD100098390C /* AppDelegate.swift in Sources */,
				1F65B0192771CAD6000A4183 /* DogViewController.swift in Sources */,
				1F65AFD0277199C7000A4183 /* UserModel.swift in Sources */,
				1F9E92E627797A49003E5A89 /* ForshellPayCollectionViewCell.swift in Sources */,
				1F610B07274BE7240001F0B1 /* TableViewCell.swift in Sources */,
				1F82FB54276C594F00A80863 /* unameViewController.swift in Sources */,
				1FE45B2D276B3CED00C811AA /* SuperIconCollectionViewCell.swift in Sources */,
				1F9E92EB27798939003E5A89 /* ForshellsecondCollectionViewCell.swift in Sources */,
				1F65B0DF2771F960000A4183 /* PostTwoViewController.swift in Sources */,
				1F65B0232771CB0F000A4183 /* Dog.swift in Sources */,
				1FE45B3A276B50B400C811AA /* secondCollectionViewCell.swift in Sources */,
				1FF3A9B12775970900DB35A9 /* mainDemoCollectionViewCell.swift in Sources */,
				1F82FB63276C5E4B00A80863 /* MessageViewController.swift in Sources */,
				1F82FB6A276C606900A80863 /* mainViewController.swift in Sources */,
				1F538A552770663500EA91DE /* BillabelTableViewCell.swift in Sources */,
				1F538A692770950B00EA91DE /* Person.swift in Sources */,
				1F9E92E127797802003E5A89 /* ForshellPayViewController.swift in Sources */,
				1F65AFE72771A1A2000A4183 /* PostLoginViewController.swift in Sources */,
				1F65AFF12771A21E000A4183 /* User.swift in Sources */,
				1FE45B28276B38D900C811AA /* superIconViewController.swift in Sources */,
				1F65AFD5277199F2000A4183 /* UserViewModel.swift in Sources */,
				1F538A3727703F3D00EA91DE /* FlipkartViewController.swift in Sources */,
				1F65AFFF2771B7A2000A4183 /* List.swift in Sources */,
				1FF3A9B6277599B300DB35A9 /* DemoCollectionViewCell.swift in Sources */,
				1F538A682770950B00EA91DE /* DBHelper.swift in Sources */,
				1F82FB62276C5E4B00A80863 /* MenuViewController.swift in Sources */,
				1F9E92F027798F36003E5A89 /* InsuranceCollectionViewCell.swift in Sources */,
				1F82FB4A276C57C000A80863 /* slidemenuViewController.swift in Sources */,
				1F65B0F12771FC23000A4183 /* CompanyModel.swift in Sources */,
				1F3D70B827744E81004177DD /* SwiftPostrequestViewController.swift in Sources */,
				1FCBF3212727FD100098390C /* SceneDelegate.swift in Sources */,
				1FF3A9CA2775A28B00DB35A9 /* SpeachViewController.swift in Sources */,
				1F65B00E2771B7F7000A4183 /* MylistViewController.swift in Sources */,
				1F82FB4F276C57FA00A80863 /* slidemenuTableViewCell.swift in Sources */,
				1F538A5A27707C5700EA91DE /* AmazonViewController.swift in Sources */,
				1FCBF3292727FD100098390C /* imagerecogization.xcdatamodeld in Sources */,
				1F65AFEC2771A20C000A4183 /* AuthenticationVM.swift in Sources */,
				1F65B0092771B7C1000A4183 /* ListTableViewCell.swift in Sources */,
				1F82FB5B276C5BED00A80863 /* SWRevealViewController.m in Sources */,
				1F538A4B277057FE00EA91DE /* flipkartCollectionViewCell.swift in Sources */,
				1F65B01E2771CB02000A4183 /* DogViewModel.swift in Sources */,
				1FF3A9AC27758BD900DB35A9 /* mainDemoViewController.swift in Sources */,
				1F65B07D2771D555000A4183 /* MovieModel.swift in Sources */,
				1F82FB64276C5E4B00A80863 /* MenuTableViewCell.swift in Sources */,
				1F65B0B12771D84A000A4183 /* jsonPostDemoViewController.swift in Sources */,
				1F65AFE127719A9F000A4183 /* webservicesViewController.swift in Sources */,
				1F9E92F527799CC8003E5A89 /* BusTicketViewController.swift in Sources */,
				1F65AFDB27719A1E000A4183 /* UserCell.swift in Sources */,
				1F65B0312771D0CF000A4183 /* Model.swift in Sources */,
				1F65B0042771B7B4000A4183 /* ListViewModel.swift in Sources */,
				1F65B0452771D101000A4183 /* ApiService.swift in Sources */,
				1F538A6E2770952800EA91DE /* sqliteViewController.swift in Sources */,
				1F65B0782771D53D000A4183 /* MovieViewModel.swift in Sources */,
				1F65B0362771D0E4000A4183 /* MovieTableViewCell.swift in Sources */,
				1F538A502770619700EA91DE /* EleTricityViewController.swift in Sources */,
				1F65B0402771D0F9000A4183 /* MovieViewController.swift in Sources */,
			);
			runOnlyForDeploymentPostprocessing = 0;
		};
		1FCBF3302727FD120098390C /* Sources */ = {
			isa = PBXSourcesBuildPhase;
			buildActionMask = 2147483647;
			files = (
				1FCBF3392727FD120098390C /* imagerecogizationTests.swift in Sources */,
			);
			runOnlyForDeploymentPostprocessing = 0;
		};
		1FCBF33B2727FD120098390C /* Sources */ = {
			isa = PBXSourcesBuildPhase;
			buildActionMask = 2147483647;
			files = (
				1FCBF3442727FD120098390C /* imagerecogizationUITests.swift in Sources */,
			);
			runOnlyForDeploymentPostprocessing = 0;
		};
/* End PBXSourcesBuildPhase section */

/* Begin PBXTargetDependency section */
		1FCBF3362727FD120098390C /* PBXTargetDependency */ = {
			isa = PBXTargetDependency;
			target = 1FCBF31A2727FD100098390C /* imagerecogization */;
			targetProxy = 1FCBF3352727FD120098390C /* PBXContainerItemProxy */;
		};
		1FCBF3412727FD120098390C /* PBXTargetDependency */ = {
			isa = PBXTargetDependency;
			target = 1FCBF31A2727FD100098390C /* imagerecogization */;
			targetProxy = 1FCBF3402727FD120098390C /* PBXContainerItemProxy */;
		};
/* End PBXTargetDependency section */

/* Begin PBXVariantGroup section */
		1FCBF32C2727FD110098390C /* LaunchScreen.storyboard */ = {
			isa = PBXVariantGroup;
			children = (
				1FCBF32D2727FD110098390C /* Base */,
			);
			name = LaunchScreen.storyboard;
			sourceTree = "<group>";
		};
/* End PBXVariantGroup section */

/* Begin XCBuildConfiguration section */
		1FCBF3462727FD120098390C /* Debug */ = {
			isa = XCBuildConfiguration;
			buildSettings = {
				ALWAYS_SEARCH_USER_PATHS = NO;
				CLANG_ANALYZER_NONNULL = YES;
				CLANG_ANALYZER_NUMBER_OBJECT_CONVERSION = YES_AGGRESSIVE;
				CLANG_CXX_LANGUAGE_STANDARD = "gnu++14";
				CLANG_CXX_LIBRARY = "libc++";
				CLANG_ENABLE_MODULES = YES;
				CLANG_ENABLE_OBJC_ARC = YES;
				CLANG_ENABLE_OBJC_WEAK = YES;
				CLANG_WARN_BLOCK_CAPTURE_AUTORELEASING = YES;
				CLANG_WARN_BOOL_CONVERSION = YES;
				CLANG_WARN_COMMA = YES;
				CLANG_WARN_CONSTANT_CONVERSION = YES;
				CLANG_WARN_DEPRECATED_OBJC_IMPLEMENTATIONS = YES;
				CLANG_WARN_DIRECT_OBJC_ISA_USAGE = YES_ERROR;
				CLANG_WARN_DOCUMENTATION_COMMENTS = YES;
				CLANG_WARN_EMPTY_BODY = YES;
				CLANG_WARN_ENUM_CONVERSION = YES;
				CLANG_WARN_INFINITE_RECURSION = YES;
				CLANG_WARN_INT_CONVERSION = YES;
				CLANG_WARN_NON_LITERAL_NULL_CONVERSION = YES;
				CLANG_WARN_OBJC_IMPLICIT_RETAIN_SELF = YES;
				CLANG_WARN_OBJC_LITERAL_CONVERSION = YES;
				CLANG_WARN_OBJC_ROOT_CLASS = YES_ERROR;
				CLANG_WARN_QUOTED_INCLUDE_IN_FRAMEWORK_HEADER = YES;
				CLANG_WARN_RANGE_LOOP_ANALYSIS = YES;
				CLANG_WARN_STRICT_PROTOTYPES = YES;
				CLANG_WARN_SUSPICIOUS_MOVE = YES;
				CLANG_WARN_UNGUARDED_AVAILABILITY = YES_AGGRESSIVE;
				CLANG_WARN_UNREACHABLE_CODE = YES;
				CLANG_WARN__DUPLICATE_METHOD_MATCH = YES;
				COPY_PHASE_STRIP = NO;
				DEBUG_INFORMATION_FORMAT = dwarf;
				ENABLE_STRICT_OBJC_MSGSEND = YES;
				ENABLE_TESTABILITY = YES;
				GCC_C_LANGUAGE_STANDARD = gnu11;
				GCC_DYNAMIC_NO_PIC = NO;
				GCC_NO_COMMON_BLOCKS = YES;
				GCC_OPTIMIZATION_LEVEL = 0;
				GCC_PREPROCESSOR_DEFINITIONS = (
					"DEBUG=1",
					"$(inherited)",
				);
				GCC_WARN_64_TO_32_BIT_CONVERSION = YES;
				GCC_WARN_ABOUT_RETURN_TYPE = YES_ERROR;
				GCC_WARN_UNDECLARED_SELECTOR = YES;
				GCC_WARN_UNINITIALIZED_AUTOS = YES_AGGRESSIVE;
				GCC_WARN_UNUSED_FUNCTION = YES;
				GCC_WARN_UNUSED_VARIABLE = YES;
				IPHONEOS_DEPLOYMENT_TARGET = 14.3;
				MTL_ENABLE_DEBUG_INFO = INCLUDE_SOURCE;
				MTL_FAST_MATH = YES;
				ONLY_ACTIVE_ARCH = YES;
				SDKROOT = iphoneos;
				SWIFT_ACTIVE_COMPILATION_CONDITIONS = DEBUG;
				SWIFT_OPTIMIZATION_LEVEL = "-Onone";
			};
			name = Debug;
		};
		1FCBF3472727FD120098390C /* Release */ = {
			isa = XCBuildConfiguration;
			buildSettings = {
				ALWAYS_SEARCH_USER_PATHS = NO;
				CLANG_ANALYZER_NONNULL = YES;
				CLANG_ANALYZER_NUMBER_OBJECT_CONVERSION = YES_AGGRESSIVE;
				CLANG_CXX_LANGUAGE_STANDARD = "gnu++14";
				CLANG_CXX_LIBRARY = "libc++";
				CLANG_ENABLE_MODULES = YES;
				CLANG_ENABLE_OBJC_ARC = YES;
				CLANG_ENABLE_OBJC_WEAK = YES;
				CLANG_WARN_BLOCK_CAPTURE_AUTORELEASING = YES;
				CLANG_WARN_BOOL_CONVERSION = YES;
				CLANG_WARN_COMMA = YES;
				CLANG_WARN_CONSTANT_CONVERSION = YES;
				CLANG_WARN_DEPRECATED_OBJC_IMPLEMENTATIONS = YES;
				CLANG_WARN_DIRECT_OBJC_ISA_USAGE = YES_ERROR;
				CLANG_WARN_DOCUMENTATION_COMMENTS = YES;
				CLANG_WARN_EMPTY_BODY = YES;
				CLANG_WARN_ENUM_CONVERSION = YES;
				CLANG_WARN_INFINITE_RECURSION = YES;
				CLANG_WARN_INT_CONVERSION = YES;
				CLANG_WARN_NON_LITERAL_NULL_CONVERSION = YES;
				CLANG_WARN_OBJC_IMPLICIT_RETAIN_SELF = YES;
				CLANG_WARN_OBJC_LITERAL_CONVERSION = YES;
				CLANG_WARN_OBJC_ROOT_CLASS = YES_ERROR;
				CLANG_WARN_QUOTED_INCLUDE_IN_FRAMEWORK_HEADER = YES;
				CLANG_WARN_RANGE_LOOP_ANALYSIS = YES;
				CLANG_WARN_STRICT_PROTOTYPES = YES;
				CLANG_WARN_SUSPICIOUS_MOVE = YES;
				CLANG_WARN_UNGUARDED_AVAILABILITY = YES_AGGRESSIVE;
				CLANG_WARN_UNREACHABLE_CODE = YES;
				CLANG_WARN__DUPLICATE_METHOD_MATCH = YES;
				COPY_PHASE_STRIP = NO;
				DEBUG_INFORMATION_FORMAT = "dwarf-with-dsym";
				ENABLE_NS_ASSERTIONS = NO;
				ENABLE_STRICT_OBJC_MSGSEND = YES;
				GCC_C_LANGUAGE_STANDARD = gnu11;
				GCC_NO_COMMON_BLOCKS = YES;
				GCC_WARN_64_TO_32_BIT_CONVERSION = YES;
				GCC_WARN_ABOUT_RETURN_TYPE = YES_ERROR;
				GCC_WARN_UNDECLARED_SELECTOR = YES;
				GCC_WARN_UNINITIALIZED_AUTOS = YES_AGGRESSIVE;
				GCC_WARN_UNUSED_FUNCTION = YES;
				GCC_WARN_UNUSED_VARIABLE = YES;
				IPHONEOS_DEPLOYMENT_TARGET = 14.3;
				MTL_ENABLE_DEBUG_INFO = NO;
				MTL_FAST_MATH = YES;
				SDKROOT = iphoneos;
				SWIFT_COMPILATION_MODE = wholemodule;
				SWIFT_OPTIMIZATION_LEVEL = "-O";
				VALIDATE_PRODUCT = YES;
			};
			name = Release;
		};
		1FCBF3492727FD120098390C /* Debug */ = {
			isa = XCBuildConfiguration;
			baseConfigurationReference = 8C7F1C0CD3E5CC3E99AEF3A1 /* Pods-imagerecogization.debug.xcconfig */;
			buildSettings = {
				ASSETCATALOG_COMPILER_APPICON_NAME = AppIcon;
				ASSETCATALOG_COMPILER_GLOBAL_ACCENT_COLOR_NAME = AccentColor;
				CLANG_ENABLE_MODULES = YES;
				CODE_SIGN_STYLE = Automatic;
				DEVELOPMENT_TEAM = S37VTPS35F;
				INFOPLIST_FILE = imagerecogization/Info.plist;
				LD_RUNPATH_SEARCH_PATHS = (
					"$(inherited)",
					"@executable_path/Frameworks",
				);
				PRODUCT_BUNDLE_IDENTIFIER = COM.COLOR.DEMO.imagerecogization;
				PRODUCT_NAME = "$(TARGET_NAME)";
				SWIFT_OBJC_BRIDGING_HEADER = "imagerecogization/imagerecogization-Bridging-Header.h";
				SWIFT_OPTIMIZATION_LEVEL = "-Onone";
				SWIFT_VERSION = 5.0;
				TARGETED_DEVICE_FAMILY = "1,2";
			};
			name = Debug;
		};
		1FCBF34A2727FD120098390C /* Release */ = {
			isa = XCBuildConfiguration;
			baseConfigurationReference = 5B5A5771CEFBAD7B73764A21 /* Pods-imagerecogization.release.xcconfig */;
			buildSettings = {
				ASSETCATALOG_COMPILER_APPICON_NAME = AppIcon;
				ASSETCATALOG_COMPILER_GLOBAL_ACCENT_COLOR_NAME = AccentColor;
				CLANG_ENABLE_MODULES = YES;
				CODE_SIGN_STYLE = Automatic;
				DEVELOPMENT_TEAM = S37VTPS35F;
				INFOPLIST_FILE = imagerecogization/Info.plist;
				LD_RUNPATH_SEARCH_PATHS = (
					"$(inherited)",
					"@executable_path/Frameworks",
				);
				PRODUCT_BUNDLE_IDENTIFIER = COM.COLOR.DEMO.imagerecogization;
				PRODUCT_NAME = "$(TARGET_NAME)";
				SWIFT_OBJC_BRIDGING_HEADER = "imagerecogization/imagerecogization-Bridging-Header.h";
				SWIFT_VERSION = 5.0;
				TARGETED_DEVICE_FAMILY = "1,2";
			};
			name = Release;
		};
		1FCBF34C2727FD120098390C /* Debug */ = {
			isa = XCBuildConfiguration;
			baseConfigurationReference = 6642447A1BEDCA8C55F53166 /* Pods-imagerecogizationTests.debug.xcconfig */;
			buildSettings = {
				ALWAYS_EMBED_SWIFT_STANDARD_LIBRARIES = YES;
				BUNDLE_LOADER = "$(TEST_HOST)";
				CODE_SIGN_STYLE = Automatic;
				DEVELOPMENT_TEAM = S37VTPS35F;
				INFOPLIST_FILE = imagerecogizationTests/Info.plist;
				IPHONEOS_DEPLOYMENT_TARGET = 14.3;
				LD_RUNPATH_SEARCH_PATHS = (
					"$(inherited)",
					"@executable_path/Frameworks",
					"@loader_path/Frameworks",
				);
				PRODUCT_BUNDLE_IDENTIFIER = COM.COLOR.DEMO.imagerecogizationTests;
				PRODUCT_NAME = "$(TARGET_NAME)";
				SWIFT_VERSION = 5.0;
				TARGETED_DEVICE_FAMILY = "1,2";
				TEST_HOST = "$(BUILT_PRODUCTS_DIR)/imagerecogization.app/imagerecogization";
			};
			name = Debug;
		};
		1FCBF34D2727FD120098390C /* Release */ = {
			isa = XCBuildConfiguration;
			baseConfigurationReference = E20143A55064D6F1B39291FB /* Pods-imagerecogizationTests.release.xcconfig */;
			buildSettings = {
				ALWAYS_EMBED_SWIFT_STANDARD_LIBRARIES = YES;
				BUNDLE_LOADER = "$(TEST_HOST)";
				CODE_SIGN_STYLE = Automatic;
				DEVELOPMENT_TEAM = S37VTPS35F;
				INFOPLIST_FILE = imagerecogizationTests/Info.plist;
				IPHONEOS_DEPLOYMENT_TARGET = 14.3;
				LD_RUNPATH_SEARCH_PATHS = (
					"$(inherited)",
					"@executable_path/Frameworks",
					"@loader_path/Frameworks",
				);
				PRODUCT_BUNDLE_IDENTIFIER = COM.COLOR.DEMO.imagerecogizationTests;
				PRODUCT_NAME = "$(TARGET_NAME)";
				SWIFT_VERSION = 5.0;
				TARGETED_DEVICE_FAMILY = "1,2";
				TEST_HOST = "$(BUILT_PRODUCTS_DIR)/imagerecogization.app/imagerecogization";
			};
			name = Release;
		};
		1FCBF34F2727FD120098390C /* Debug */ = {
			isa = XCBuildConfiguration;
			baseConfigurationReference = 0F13537EAF7B0ECEF9DE2814 /* Pods-imagerecogization-imagerecogizationUITests.debug.xcconfig */;
			buildSettings = {
				ALWAYS_EMBED_SWIFT_STANDARD_LIBRARIES = YES;
				CODE_SIGN_STYLE = Automatic;
				DEVELOPMENT_TEAM = S37VTPS35F;
				INFOPLIST_FILE = imagerecogizationUITests/Info.plist;
				LD_RUNPATH_SEARCH_PATHS = (
					"$(inherited)",
					"@executable_path/Frameworks",
					"@loader_path/Frameworks",
				);
				PRODUCT_BUNDLE_IDENTIFIER = COM.COLOR.DEMO.imagerecogizationUITests;
				PRODUCT_NAME = "$(TARGET_NAME)";
				SWIFT_VERSION = 5.0;
				TARGETED_DEVICE_FAMILY = "1,2";
				TEST_TARGET_NAME = imagerecogization;
			};
			name = Debug;
		};
		1FCBF3502727FD120098390C /* Release */ = {
			isa = XCBuildConfiguration;
			baseConfigurationReference = 43EBB03981BADEDADA31E246 /* Pods-imagerecogization-imagerecogizationUITests.release.xcconfig */;
			buildSettings = {
				ALWAYS_EMBED_SWIFT_STANDARD_LIBRARIES = YES;
				CODE_SIGN_STYLE = Automatic;
				DEVELOPMENT_TEAM = S37VTPS35F;
				INFOPLIST_FILE = imagerecogizationUITests/Info.plist;
				LD_RUNPATH_SEARCH_PATHS = (
					"$(inherited)",
					"@executable_path/Frameworks",
					"@loader_path/Frameworks",
				);
				PRODUCT_BUNDLE_IDENTIFIER = COM.COLOR.DEMO.imagerecogizationUITests;
				PRODUCT_NAME = "$(TARGET_NAME)";
				SWIFT_VERSION = 5.0;
				TARGETED_DEVICE_FAMILY = "1,2";
				TEST_TARGET_NAME = imagerecogization;
			};
			name = Release;
		};
/* End XCBuildConfiguration section */

/* Begin XCConfigurationList section */
		1FCBF3162727FD100098390C /* Build configuration list for PBXProject "imagerecogization" */ = {
			isa = XCConfigurationList;
			buildConfigurations = (
				1FCBF3462727FD120098390C /* Debug */,
				1FCBF3472727FD120098390C /* Release */,
			);
			defaultConfigurationIsVisible = 0;
			defaultConfigurationName = Release;
		};
		1FCBF3482727FD120098390C /* Build configuration list for PBXNativeTarget "imagerecogization" */ = {
			isa = XCConfigurationList;
			buildConfigurations = (
				1FCBF3492727FD120098390C /* Debug */,
				1FCBF34A2727FD120098390C /* Release */,
			);
			defaultConfigurationIsVisible = 0;
			defaultConfigurationName = Release;
		};
		1FCBF34B2727FD120098390C /* Build configuration list for PBXNativeTarget "imagerecogizationTests" */ = {
			isa = XCConfigurationList;
			buildConfigurations = (
				1FCBF34C2727FD120098390C /* Debug */,
				1FCBF34D2727FD120098390C /* Release */,
			);
			defaultConfigurationIsVisible = 0;
			defaultConfigurationName = Release;
		};
		1FCBF34E2727FD120098390C /* Build configuration list for PBXNativeTarget "imagerecogizationUITests" */ = {
			isa = XCConfigurationList;
			buildConfigurations = (
				1FCBF34F2727FD120098390C /* Debug */,
				1FCBF3502727FD120098390C /* Release */,
			);
			defaultConfigurationIsVisible = 0;
			defaultConfigurationName = Release;
		};
/* End XCConfigurationList section */

/* Begin XCVersionGroup section */
		1FCBF3272727FD100098390C /* imagerecogization.xcdatamodeld */ = {
			isa = XCVersionGroup;
			children = (
				1FCBF3282727FD100098390C /* imagerecogization.xcdatamodel */,
			);
			currentVersion = 1FCBF3282727FD100098390C /* imagerecogization.xcdatamodel */;
			path = imagerecogization.xcdatamodeld;
			sourceTree = "<group>";
			versionGroupType = wrapper.xcdatamodel;
		};
/* End XCVersionGroup section */
	};
	rootObject = 1FCBF3132727FD100098390C /* Project object */;
}
